
Microsoft Visual Studio Solution File, Format Version 12.00
# Visual Studio Version 17
VisualStudioVersion = 17.5.002.0
MinimumVisualStudioVersion = 10.0.40219.1
Project("{9A19103F-16F7-4668-BE54-9A1E7A4F7556}") = "maquetado4", "maquetado4.csproj", "{BEF05CE0-98B0-4C1A-8E60-411A34B1D65E}"
EndProject
Global
	GlobalSection(SolutionConfigurationPlatforms) = preSolution
		Debug|Any CPU = Debug|Any CPU
		Release|Any CPU = Release|Any CPU
	EndGlobalSection
	GlobalSection(ProjectConfigurationPlatforms) = postSolution
		{BEF05CE0-98B0-4C1A-8E60-411A34B1D65E}.Debug|Any CPU.ActiveCfg = Debug|Any CPU
		{BEF05CE0-98B0-4C1A-8E60-411A34B1D65E}.Debug|Any CPU.Build.0 = Debug|Any CPU
		{BEF05CE0-98B0-4C1A-8E60-411A34B1D65E}.Release|Any CPU.ActiveCfg = Release|Any CPU
		{BEF05CE0-98B0-4C1A-8E60-411A34B1D65E}.Release|Any CPU.Build.0 = Release|Any CPU
	EndGlobalSection
	GlobalSection(SolutionProperties) = preSolution
		HideSolutionNode = FALSE
	EndGlobalSection
	GlobalSection(ExtensibilityGlobals) = postSolution
		SolutionGuid = {F2CA6199-4B44-4F10-BDB8-AB1C7966D2FE}
	EndGlobalSection
EndGlobal
